
Microsoft Visual Studio Solution File, Format Version 12.00
# Visual Studio 15
VisualStudioVersion = 15.0.27130.2010
MinimumVisualStudioVersion = 10.0.40219.1
Project("{8BC9CEB8-8B4A-11D0-8D11-00A0C91BC942}") = "ICGProject6", "ICGProject6\ICGProject6.vcxproj", "{986CE6F1-AE71-4E9A-8E81-5E9356F50419}"
EndProject
Global
	GlobalSection(SolutionConfigurationPlatforms) = preSolution
		Debug|x64 = Debug|x64
		Debug|x86 = Debug|x86
		Release|x64 = Release|x64
		Release|x86 = Release|x86
	EndGlobalSection
	GlobalSection(ProjectConfigurationPlatforms) = postSolution
		{986CE6F1-AE71-4E9A-8E81-5E9356F50419}.Debug|x64.ActiveCfg = Debug|x64
		{986CE6F1-AE71-4E9A-8E81-5E9356F50419}.Debug|x64.Build.0 = Debug|x64
		{986CE6F1-AE71-4E9A-8E81-5E9356F50419}.Debug|x86.ActiveCfg = Debug|Win32
		{986CE6F1-AE71-4E9A-8E81-5E9356F50419}.Debug|x86.Build.0 = Debug|Win32
		{986CE6F1-AE71-4E9A-8E81-5E9356F50419}.Release|x64.ActiveCfg = Release|x64
		{986CE6F1-AE71-4E9A-8E81-5E9356F50419}.Release|x64.Build.0 = Release|x64
		{986CE6F1-AE71-4E9A-8E81-5E9356F50419}.Release|x86.ActiveCfg = Release|Win32
		{986CE6F1-AE71-4E9A-8E81-5E9356F50419}.Release|x86.Build.0 = Release|Win32
	EndGlobalSection
	GlobalSection(SolutionProperties) = preSolution
		HideSolutionNode = FALSE
	EndGlobalSection
	GlobalSection(ExtensibilityGlobals) = postSolution
		SolutionGuid = {44C3E9CF-1389-4150-B7EA-9B66C92CEF29}
	EndGlobalSection
EndGlobal
